<?xml version="1.0" encoding="utf-8"?>
<Project ToolsVersion="4.0" xmlns="http://schemas.microsoft.com/developer/msbuild/2003">
  <ItemGroup>
    <Filter Include="src">
      <UniqueIdentifier>{bc98ef10-e7f6-413d-86e8-2126f05646b1}</UniqueIdentifier>
    </Filter>
    <Filter Include="inc">
      <UniqueIdentifier>{610b2e44-c4f1-4921-b435-711e73f3ad72}</UniqueIdentifier>
    </Filter>
    <Filter Include="cuda">
      <UniqueIdentifier>{f2b3276c-241f-433d-8323-11f812c93d90}</UniqueIdentifier>
    </Filter>
  </ItemGroup>
  <ItemGroup>
    <CudaCompile Include="src\clustering.cu">
      <Filter>src</Filter>
    </CudaCompile>
    <CudaCompile Include="src\dataLoader.cu">
      <Filter>src</Filter>
    </CudaCompile>
    <CudaCompile Include="src\dataLoader_Cancer.cu">
      <Filter>src</Filter>
    </CudaCompile>
    <CudaCompile Include="src\dataLoader_Iris.cu">
      <Filter>src</Filter>
    </CudaCompile>
    <CudaCompile Include="src\dataLoader_test.cu">
      <Filter>src</Filter>
    </CudaCompile>
    <CudaCompile Include="src\dataLoader_Wine.cu">
      <Filter>src</Filter>
    </CudaCompile>
    <CudaCompile Include="src\distanceCalculator.cu">
      <Filter>src</Filter>
    </CudaCompile>
    <CudaCompile Include="src\main.cu">
      <Filter>src</Filter>
    </CudaCompile>
    <CudaCompile Include="includes\errors.cu">
      <Filter>inc</Filter>
    </CudaCompile>
  </ItemGroup>
  <ItemGroup>
    <None Include="includes\clustering.cuh">
      <Filter>inc</Filter>
    </None>
    <None Include="includes\dataLoader.cuh">
      <Filter>inc</Filter>
    </None>
    <None Include="includes\dataLoader_Cancer.cuh">
      <Filter>inc</Filter>
    </None>
    <None Include="includes\dataLoader_Iris.cuh">
      <Filter>inc</Filter>
    </None>
    <None Include="includes\dataLoader_Test.cuh">
      <Filter>inc</Filter>
    </None>
    <None Include="includes\dataLoader_Wine.cuh">
      <Filter>inc</Filter>
    </None>
    <None Include="includes\distanceCalculator.cuh">
      <Filter>inc</Filter>
    </None>
    <None Include="includes\errors.cuh">
      <Filter>inc</Filter>
    </None>
    <None Include="includes\evoEngine.cuh">
      <Filter>inc</Filter>
    </None>
    <None Include="includes\globals.cuh">
      <Filter>inc</Filter>
    </None>
  </ItemGroup>
</Project>